// !$*UTF8*$!
{
	archiveVersion = 1;
	classes = {
	};
	objectVersion = 77;
	objects = {

/* Begin PBXContainerItemProxy section */
		6BFA9A4C2CEB794F00F0ACC9 /* PBXContainerItemProxy */ = {
			isa = PBXContainerItemProxy;
			containerPortal = 6BFA9A332CEB794E00F0ACC9 /* Project object */;
			proxyType = 1;
			remoteGlobalIDString = 6BFA9A3A2CEB794E00F0ACC9;
			remoteInfo = Start;
		};
		6BFA9A562CEB794F00F0ACC9 /* PBXContainerItemProxy */ = {
			isa = PBXContainerItemProxy;
			containerPortal = 6BFA9A332CEB794E00F0ACC9 /* Project object */;
			proxyType = 1;
			remoteGlobalIDString = 6BFA9A3A2CEB794E00F0ACC9;
			remoteInfo = Start;
		};
/* End PBXContainerItemProxy section */

/* Begin PBXFileReference section */
		6BFA9A3B2CEB794E00F0ACC9 /* Start.app */ = {isa = PBXFileReference; explicitFileType = wrapper.application; includeInIndex = 0; path = Start.app; sourceTree = BUILT_PRODUCTS_DIR; };
		6BFA9A4B2CEB794F00F0ACC9 /* StartTests.xctest */ = {isa = PBXFileReference; explicitFileType = wrapper.cfbundle; includeInIndex = 0; path = StartTests.xctest; sourceTree = BUILT_PRODUCTS_DIR; };
		6BFA9A552CEB794F00F0ACC9 /* StartUITests.xctest */ = {isa = PBXFileReference; explicitFileType = wrapper.cfbundle; includeInIndex = 0; path = StartUITests.xctest; sourceTree = BUILT_PRODUCTS_DIR; };
/* End PBXFileReference section */

/* Begin PBXFileSystemSynchronizedRootGroup section */
		6BFA9A3D2CEB794E00F0ACC9 /* Start */ = {
			isa = PBXFileSystemSynchronizedRootGroup;
			path = Start;
			sourceTree = "<group>";
		};
		6BFA9A4E2CEB794F00F0ACC9 /* StartTests */ = {
			isa = PBXFileSystemSynchronizedRootGroup;
			path = StartTests;
			sourceTree = "<group>";
		};
		6BFA9A582CEB794F00F0ACC9 /* StartUITests */ = {
			isa = PBXFileSystemSynchronizedRootGroup;
			path = StartUITests;
			sourceTree = "<group>";
		};
/* End PBXFileSystemSynchronizedRootGroup section */

/* Begin PBXFrameworksBuildPhase section */
		6BFA9A382CEB794E00F0ACC9 /* Frameworks */ = {
			isa = PBXFrameworksBuildPhase;
			buildActionMask = 2147483647;
			files = (
			);
			runOnlyForDeploymentPostprocessing = 0;
		};
		6BFA9A482CEB794F00F0ACC9 /* Frameworks */ = {
			isa = PBXFrameworksBuildPhase;
			buildActionMask = 2147483647;
			files = (
			);
			runOnlyForDeploymentPostprocessing = 0;
		};
		6BFA9A522CEB794F00F0ACC9 /* Frameworks */ = {
			isa = PBXFrameworksBuildPhase;
			buildActionMask = 2147483647;
			files = (
			);
			runOnlyForDeploymentPostprocessing = 0;
		};
/* End PBXFrameworksBuildPhase section */

/* Begin PBXGroup section */
		6BFA9A322CEB794E00F0ACC9 = {
			isa = PBXGroup;
			children = (
				6BFA9A3D2CEB794E00F0ACC9 /* Start */,
				6BFA9A4E2CEB794F00F0ACC9 /* StartTests */,
				6BFA9A582CEB794F00F0ACC9 /* StartUITests */,
				6BFA9A3C2CEB794E00F0ACC9 /* Products */,
			);
			sourceTree = "<group>";
		};
		6BFA9A3C2CEB794E00F0ACC9 /* Products */ = {
			isa = PBXGroup;
			children = (
				6BFA9A3B2CEB794E00F0ACC9 /* Start.app */,
				6BFA9A4B2CEB794F00F0ACC9 /* StartTests.xctest */,
				6BFA9A552CEB794F00F0ACC9 /* StartUITests.xctest */,
			);
			name = Products;
			sourceTree = "<group>";
		};
/* End PBXGroup section */

/* Begin PBXNativeTarget section */
		6BFA9A3A2CEB794E00F0ACC9 /* Start */ = {
			isa = PBXNativeTarget;
			buildConfigurationList = 6BFA9A5F2CEB795000F0ACC9 /* Build configuration list for PBXNativeTarget "Start" */;
			buildPhases = (
				6BFA9A372CEB794E00F0ACC9 /* Sources */,
				6BFA9A382CEB794E00F0ACC9 /* Frameworks */,
				6BFA9A392CEB794E00F0ACC9 /* Resources */,
			);
			buildRules = (
			);
			dependencies = (
			);
			fileSystemSynchronizedGroups = (
				6BFA9A3D2CEB794E00F0ACC9 /* Start */,
			);
			name = Start;
			packageProductDependencies = (
			);
			productName = Start;
			productReference = 6BFA9A3B2CEB794E00F0ACC9 /* Start.app */;
			productType = "com.apple.product-type.application";
		};
		6BFA9A4A2CEB794F00F0ACC9 /* StartTests */ = {
			isa = PBXNativeTarget;
			buildConfigurationList = 6BFA9A622CEB795000F0ACC9 /* Build configuration list for PBXNativeTarget "StartTests" */;
			buildPhases = (
				6BFA9A472CEB794F00F0ACC9 /* Sources */,
				6BFA9A482CEB794F00F0ACC9 /* Frameworks */,
				6BFA9A492CEB794F00F0ACC9 /* Resources */,
			);
			buildRules = (
			);
			dependencies = (
				6BFA9A4D2CEB794F00F0ACC9 /* PBXTargetDependency */,
			);
			fileSystemSynchronizedGroups = (
				6BFA9A4E2CEB794F00F0ACC9 /* StartTests */,
			);
			name = StartTests;
			packageProductDependencies = (
			);
			productName = StartTests;
			productReference = 6BFA9A4B2CEB794F00F0ACC9 /* StartTests.xctest */;
			productType = "com.apple.product-type.bundle.unit-test";
		};
		6BFA9A542CEB794F00F0ACC9 /* StartUITests */ = {
			isa = PBXNativeTarget;
			buildConfigurationList = 6BFA9A652CEB795000F0ACC9 /* Build configuration list for PBXNativeTarget "StartUITests" */;
			buildPhases = (
				6BFA9A512CEB794F00F0ACC9 /* Sources */,
				6BFA9A522CEB794F00F0ACC9 /* Frameworks */,
				6BFA9A532CEB794F00F0ACC9 /* Resources */,
			);
			buildRules = (
			);
			dependencies = (
				6BFA9A572CEB794F00F0ACC9 /* PBXTargetDependency */,
			);
			fileSystemSynchronizedGroups = (
				6BFA9A582CEB794F00F0ACC9 /* StartUITests */,
			);
			name = StartUITests;
			packageProductDependencies = (
			);
			productName = StartUITests;
			productReference = 6BFA9A552CEB794F00F0ACC9 /* StartUITests.xctest */;
			productType = "com.apple.product-type.bundle.ui-testing";
		};
/* End PBXNativeTarget section */

/* Begin PBXProject section */
		6BFA9A332CEB794E00F0ACC9 /* Project object */ = {
			isa = PBXProject;
			attributes = {
				BuildIndependentTargetsInParallel = 1;
				LastSwiftUpdateCheck = 1610;
				LastUpgradeCheck = 1610;
				TargetAttributes = {
					6BFA9A3A2CEB794E00F0ACC9 = {
						CreatedOnToolsVersion = 16.1;
					};
					6BFA9A4A2CEB794F00F0ACC9 = {
						CreatedOnToolsVersion = 16.1;
						TestTargetID = 6BFA9A3A2CEB794E00F0ACC9;
					};
					6BFA9A542CEB794F00F0ACC9 = {
						CreatedOnToolsVersion = 16.1;
						TestTargetID = 6BFA9A3A2CEB794E00F0ACC9;
					};
				};
			};
			buildConfigurationList = 6BFA9A362CEB794E00F0ACC9 /* Build configuration list for PBXProject "Start" */;
			developmentRegion = en;
			hasScannedForEncodings = 0;
			knownRegions = (
				en,
				Base,
			);
			mainGroup = 6BFA9A322CEB794E00F0ACC9;
			minimizedProjectReferenceProxies = 1;
			preferredProjectObjectVersion = 77;
			productRefGroup = 6BFA9A3C2CEB794E00F0ACC9 /* Products */;
			projectDirPath = "";
			projectRoot = "";
			targets = (
				6BFA9A3A2CEB794E00F0ACC9 /* Start */,
				6BFA9A4A2CEB794F00F0ACC9 /* StartTests */,
				6BFA9A542CEB794F00F0ACC9 /* StartUITests */,
			);
		};
/* End PBXProject section */

/* Begin PBXResourcesBuildPhase section */
		6BFA9A392CEB794E00F0ACC9 /* Resources */ = {
			isa = PBXResourcesBuildPhase;
			buildActionMask = 2147483647;
			files = (
			);
			runOnlyForDeploymentPostprocessing = 0;
		};
		6BFA9A492CEB794F00F0ACC9 /* Resources */ = {
			isa = PBXResourcesBuildPhase;
			buildActionMask = 2147483647;
			files = (
			);
			runOnlyForDeploymentPostprocessing = 0;
		};
		6BFA9A532CEB794F00F0ACC9 /* Resources */ = {
			isa = PBXResourcesBuildPhase;
			buildActionMask = 2147483647;
			files = (
			);
			runOnlyForDeploymentPostprocessing = 0;
		};
/* End PBXResourcesBuildPhase section */

/* Begin PBXSourcesBuildPhase section */
		6BFA9A372CEB794E00F0ACC9 /* Sources */ = {
			isa = PBXSourcesBuildPhase;
			buildActionMask = 2147483647;
			files = (
			);
			runOnlyForDeploymentPostprocessing = 0;
		};
		6BFA9A472CEB794F00F0ACC9 /* Sources */ = {
			isa = PBXSourcesBuildPhase;
			buildActionMask = 2147483647;
			files = (
			);
			runOnlyForDeploymentPostprocessing = 0;
		};
		6BFA9A512CEB794F00F0ACC9 /* Sources */ = {
			isa = PBXSourcesBuildPhase;
			buildActionMask = 2147483647;
			files = (
			);
			runOnlyForDeploymentPostprocessing = 0;
		};
/* End PBXSourcesBuildPhase section */

/* Begin PBXTargetDependency section */
		6BFA9A4D2CEB794F00F0ACC9 /* PBXTargetDependency */ = {
			isa = PBXTargetDependency;
			target = 6BFA9A3A2CEB794E00F0ACC9 /* Start */;
			targetProxy = 6BFA9A4C2CEB794F00F0ACC9 /* PBXContainerItemProxy */;
		};
		6BFA9A572CEB794F00F0ACC9 /* PBXTargetDependency */ = {
			isa = PBXTargetDependency;
			target = 6BFA9A3A2CEB794E00F0ACC9 /* Start */;
			targetProxy = 6BFA9A562CEB794F00F0ACC9 /* PBXContainerItemProxy */;
		};
/* End PBXTargetDependency section */

/* Begin XCBuildConfiguration section */
		6BFA9A5D2CEB795000F0ACC9 /* Debug */ = {
			isa = XCBuildConfiguration;
			buildSettings = {
				ALWAYS_SEARCH_USER_PATHS = NO;
				ASSETCATALOG_COMPILER_GENERATE_SWIFT_ASSET_SYMBOL_EXTENSIONS = YES;
				CLANG_ANALYZER_NONNULL = YES;
				CLANG_ANALYZER_NUMBER_OBJECT_CONVERSION = YES_AGGRESSIVE;
				CLANG_CXX_LANGUAGE_STANDARD = "gnu++20";
				CLANG_ENABLE_MODULES = YES;
				CLANG_ENABLE_OBJC_ARC = YES;
				CLANG_ENABLE_OBJC_WEAK = YES;
				CLANG_WARN_BLOCK_CAPTURE_AUTORELEASING = YES;
				CLANG_WARN_BOOL_CONVERSION = YES;
				CLANG_WARN_COMMA = YES;
				CLANG_WARN_CONSTANT_CONVERSION = YES;
				CLANG_WARN_DEPRECATED_OBJC_IMPLEMENTATIONS = YES;
				CLANG_WARN_DIRECT_OBJC_ISA_USAGE = YES_ERROR;
				CLANG_WARN_DOCUMENTATION_COMMENTS = YES;
				CLANG_WARN_EMPTY_BODY = YES;
				CLANG_WARN_ENUM_CONVERSION = YES;
				CLANG_WARN_INFINITE_RECURSION = YES;
				CLANG_WARN_INT_CONVERSION = YES;
				CLANG_WARN_NON_LITERAL_NULL_CONVERSION = YES;
				CLANG_WARN_OBJC_IMPLICIT_RETAIN_SELF = YES;
				CLANG_WARN_OBJC_LITERAL_CONVERSION = YES;
				CLANG_WARN_OBJC_ROOT_CLASS = YES_ERROR;
				CLANG_WARN_QUOTED_INCLUDE_IN_FRAMEWORK_HEADER = YES;
				CLANG_WARN_RANGE_LOOP_ANALYSIS = YES;
				CLANG_WARN_STRICT_PROTOTYPES = YES;
				CLANG_WARN_SUSPICIOUS_MOVE = YES;
				CLANG_WARN_UNGUARDED_AVAILABILITY = YES_AGGRESSIVE;
				CLANG_WARN_UNREACHABLE_CODE = YES;
				CLANG_WARN__DUPLICATE_METHOD_MATCH = YES;
				COPY_PHASE_STRIP = NO;
				DEBUG_INFORMATION_FORMAT = dwarf;
				ENABLE_STRICT_OBJC_MSGSEND = YES;
				ENABLE_TESTABILITY = YES;
				ENABLE_USER_SCRIPT_SANDBOXING = YES;
				GCC_C_LANGUAGE_STANDARD = gnu17;
				GCC_DYNAMIC_NO_PIC = NO;
				GCC_NO_COMMON_BLOCKS = YES;
				GCC_OPTIMIZATION_LEVEL = 0;
				GCC_PREPROCESSOR_DEFINITIONS = (
					"DEBUG=1",
					"$(inherited)",
				);
				GCC_WARN_64_TO_32_BIT_CONVERSION = YES;
				GCC_WARN_ABOUT_RETURN_TYPE = YES_ERROR;
				GCC_WARN_UNDECLARED_SELECTOR = YES;
				GCC_WARN_UNINITIALIZED_AUTOS = YES_AGGRESSIVE;
				GCC_WARN_UNUSED_FUNCTION = YES;
				GCC_WARN_UNUSED_VARIABLE = YES;
				IPHONEOS_DEPLOYMENT_TARGET = 18.1;
				LOCALIZATION_PREFERS_STRING_CATALOGS = YES;
				MTL_ENABLE_DEBUG_INFO = INCLUDE_SOURCE;
				MTL_FAST_MATH = YES;
				ONLY_ACTIVE_ARCH = YES;
				SDKROOT = iphoneos;
				SWIFT_ACTIVE_COMPILATION_CONDITIONS = "DEBUG $(inherited)";
				SWIFT_OPTIMIZATION_LEVEL = "-Onone";
			};
			name = Debug;
		};
		6BFA9A5E2CEB795000F0ACC9 /* Release */ = {
			isa = XCBuildConfiguration;
			buildSettings = {
				ALWAYS_SEARCH_USER_PATHS = NO;
				ASSETCATALOG_COMPILER_GENERATE_SWIFT_ASSET_SYMBOL_EXTENSIONS = YES;
				CLANG_ANALYZER_NONNULL = YES;
				CLANG_ANALYZER_NUMBER_OBJECT_CONVERSION = YES_AGGRESSIVE;
				CLANG_CXX_LANGUAGE_STANDARD = "gnu++20";
				CLANG_ENABLE_MODULES = YES;
				CLANG_ENABLE_OBJC_ARC = YES;
				CLANG_ENABLE_OBJC_WEAK = YES;
				CLANG_WARN_BLOCK_CAPTURE_AUTORELEASING = YES;
				CLANG_WARN_BOOL_CONVERSION = YES;
				CLANG_WARN_COMMA = YES;
				CLANG_WARN_CONSTANT_CONVERSION = YES;
				CLANG_WARN_DEPRECATED_OBJC_IMPLEMENTATIONS = YES;
				CLANG_WARN_DIRECT_OBJC_ISA_USAGE = YES_ERROR;
				CLANG_WARN_DOCUMENTATION_COMMENTS = YES;
				CLANG_WARN_EMPTY_BODY = YES;
				CLANG_WARN_ENUM_CONVERSION = YES;
				CLANG_WARN_INFINITE_RECURSION = YES;
				CLANG_WARN_INT_CONVERSION = YES;
				CLANG_WARN_NON_LITERAL_NULL_CONVERSION = YES;
				CLANG_WARN_OBJC_IMPLICIT_RETAIN_SELF = YES;
				CLANG_WARN_OBJC_LITERAL_CONVERSION = YES;
				CLANG_WARN_OBJC_ROOT_CLASS = YES_ERROR;
				CLANG_WARN_QUOTED_INCLUDE_IN_FRAMEWORK_HEADER = YES;
				CLANG_WARN_RANGE_LOOP_ANALYSIS = YES;
				CLANG_WARN_STRICT_PROTOTYPES = YES;
				CLANG_WARN_SUSPICIOUS_MOVE = YES;
				CLANG_WARN_UNGUARDED_AVAILABILITY = YES_AGGRESSIVE;
				CLANG_WARN_UNREACHABLE_CODE = YES;
				CLANG_WARN__DUPLICATE_METHOD_MATCH = YES;
				COPY_PHASE_STRIP = NO;
				DEBUG_INFORMATION_FORMAT = "dwarf-with-dsym";
				ENABLE_NS_ASSERTIONS = NO;
				ENABLE_STRICT_OBJC_MSGSEND = YES;
				ENABLE_USER_SCRIPT_SANDBOXING = YES;
				GCC_C_LANGUAGE_STANDARD = gnu17;
				GCC_NO_COMMON_BLOCKS = YES;
				GCC_WARN_64_TO_32_BIT_CONVERSION = YES;
				GCC_WARN_ABOUT_RETURN_TYPE = YES_ERROR;
				GCC_WARN_UNDECLARED_SELECTOR = YES;
				GCC_WARN_UNINITIALIZED_AUTOS = YES_AGGRESSIVE;
				GCC_WARN_UNUSED_FUNCTION = YES;
				GCC_WARN_UNUSED_VARIABLE = YES;
				IPHONEOS_DEPLOYMENT_TARGET = 18.1;
				LOCALIZATION_PREFERS_STRING_CATALOGS = YES;
				MTL_ENABLE_DEBUG_INFO = NO;
				MTL_FAST_MATH = YES;
				SDKROOT = iphoneos;
				SWIFT_COMPILATION_MODE = wholemodule;
				VALIDATE_PRODUCT = YES;
			};
			name = Release;
		};
		6BFA9A602CEB795000F0ACC9 /* Debug */ = {
			isa = XCBuildConfiguration;
			buildSettings = {
				ASSETCATALOG_COMPILER_APPICON_NAME = AppIcon;
				ASSETCATALOG_COMPILER_GLOBAL_ACCENT_COLOR_NAME = AccentColor;
				CODE_SIGN_STYLE = Automatic;
				CURRENT_PROJECT_VERSION = 1;
				DEVELOPMENT_ASSET_PATHS = "\"Start/Preview Content\"";
				DEVELOPMENT_TEAM = UFMZQ45293;
				ENABLE_PREVIEWS = YES;
				GENERATE_INFOPLIST_FILE = YES;
				INFOPLIST_KEY_UIApplicationSceneManifest_Generation = YES;
				INFOPLIST_KEY_UIApplicationSupportsIndirectInputEvents = YES;
				INFOPLIST_KEY_UILaunchScreen_Generation = YES;
				INFOPLIST_KEY_UISupportedInterfaceOrientations_iPad = "UIInterfaceOrientationPortrait UIInterfaceOrientationPortraitUpsideDown UIInterfaceOrientationLandscapeLeft UIInterfaceOrientationLandscapeRight";
				INFOPLIST_KEY_UISupportedInterfaceOrientations_iPhone = "UIInterfaceOrientationPortrait UIInterfaceOrientationLandscapeLeft UIInterfaceOrientationLandscapeRight";
				LD_RUNPATH_SEARCH_PATHS = (
					"$(inherited)",
					"@executable_path/Frameworks",
				);
				MARKETING_VERSION = 1.0;
				PRODUCT_BUNDLE_IDENTIFIER = app.junsu.Start;
				PRODUCT_NAME = "$(TARGET_NAME)";
				SWIFT_EMIT_LOC_STRINGS = YES;
				SWIFT_VERSION = 5.0;
				TARGETED_DEVICE_FAMILY = "1,2";
			};
			name = Debug;
		};
		6BFA9A612CEB795000F0ACC9 /* Release */ = {
			isa = XCBuildConfiguration;
			buildSettings = {
				ASSETCATALOG_COMPILER_APPICON_NAME = AppIcon;
				ASSETCATALOG_COMPILER_GLOBAL_ACCENT_COLOR_NAME = AccentColor;
				CODE_SIGN_STYLE = Automatic;
				CURRENT_PROJECT_VERSION = 1;
				DEVELOPMENT_ASSET_PATHS = "\"Start/Preview Content\"";
				DEVELOPMENT_TEAM = UFMZQ45293;
				ENABLE_PREVIEWS = YES;
				GENERATE_INFOPLIST_FILE = YES;
				INFOPLIST_KEY_UIApplicationSceneManifest_Generation = YES;
				INFOPLIST_KEY_UIApplicationSupportsIndirectInputEvents = YES;
				INFOPLIST_KEY_UILaunchScreen_Generation = YES;
				INFOPLIST_KEY_UISupportedInterfaceOrientations_iPad = "UIInterfaceOrientationPortrait UIInterfaceOrientationPortraitUpsideDown UIInterfaceOrientationLandscapeLeft UIInterfaceOrientationLandscapeRight";
				INFOPLIST_KEY_UISupportedInterfaceOrientations_iPhone = "UIInterfaceOrientationPortrait UIInterfaceOrientationLandscapeLeft UIInterfaceOrientationLandscapeRight";
				LD_RUNPATH_SEARCH_PATHS = (
					"$(inherited)",
					"@executable_path/Frameworks",
				);
				MARKETING_VERSION = 1.0;
				PRODUCT_BUNDLE_IDENTIFIER = app.junsu.Start;
				PRODUCT_NAME = "$(TARGET_NAME)";
				SWIFT_EMIT_LOC_STRINGS = YES;
				SWIFT_VERSION = 5.0;
				TARGETED_DEVICE_FAMILY = "1,2";
			};
			name = Release;
		};
		6BFA9A632CEB795000F0ACC9 /* Debug */ = {
			isa = XCBuildConfiguration;
			buildSettings = {
				BUNDLE_LOADER = "$(TEST_HOST)";
				CODE_SIGN_STYLE = Automatic;
				CURRENT_PROJECT_VERSION = 1;
				DEVELOPMENT_TEAM = UFMZQ45293;
				GENERATE_INFOPLIST_FILE = YES;
				IPHONEOS_DEPLOYMENT_TARGET = 18.1;
				MARKETING_VERSION = 1.0;
				PRODUCT_BUNDLE_IDENTIFIER = app.junsu.StartTests;
				PRODUCT_NAME = "$(TARGET_NAME)";
				SWIFT_EMIT_LOC_STRINGS = NO;
				SWIFT_VERSION = 5.0;
				TARGETED_DEVICE_FAMILY = "1,2";
				TEST_HOST = "$(BUILT_PRODUCTS_DIR)/Start.app/$(BUNDLE_EXECUTABLE_FOLDER_PATH)/Start";
			};
			name = Debug;
		};
		6BFA9A642CEB795000F0ACC9 /* Release */ = {
			isa = XCBuildConfiguration;
			buildSettings = {
				BUNDLE_LOADER = "$(TEST_HOST)";
				CODE_SIGN_STYLE = Automatic;
				CURRENT_PROJECT_VERSION = 1;
				DEVELOPMENT_TEAM = UFMZQ45293;
				GENERATE_INFOPLIST_FILE = YES;
				IPHONEOS_DEPLOYMENT_TARGET = 18.1;
				MARKETING_VERSION = 1.0;
				PRODUCT_BUNDLE_IDENTIFIER = app.junsu.StartTests;
				PRODUCT_NAME = "$(TARGET_NAME)";
				SWIFT_EMIT_LOC_STRINGS = NO;
				SWIFT_VERSION = 5.0;
				TARGETED_DEVICE_FAMILY = "1,2";
				TEST_HOST = "$(BUILT_PRODUCTS_DIR)/Start.app/$(BUNDLE_EXECUTABLE_FOLDER_PATH)/Start";
			};
			name = Release;
		};
		6BFA9A662CEB795000F0ACC9 /* Debug */ = {
			isa = XCBuildConfiguration;
			buildSettings = {
				CODE_SIGN_STYLE = Automatic;
				CURRENT_PROJECT_VERSION = 1;
				DEVELOPMENT_TEAM = UFMZQ45293;
				GENERATE_INFOPLIST_FILE = YES;
				MARKETING_VERSION = 1.0;
				PRODUCT_BUNDLE_IDENTIFIER = app.junsu.StartUITests;
				PRODUCT_NAME = "$(TARGET_NAME)";
				SWIFT_EMIT_LOC_STRINGS = NO;
				SWIFT_VERSION = 5.0;
				TARGETED_DEVICE_FAMILY = "1,2";
				TEST_TARGET_NAME = Start;
			};
			name = Debug;
		};
		6BFA9A672CEB795000F0ACC9 /* Release */ = {
			isa = XCBuildConfiguration;
			buildSettings = {
				CODE_SIGN_STYLE = Automatic;
				CURRENT_PROJECT_VERSION = 1;
				DEVELOPMENT_TEAM = UFMZQ45293;
				GENERATE_INFOPLIST_FILE = YES;
				MARKETING_VERSION = 1.0;
				PRODUCT_BUNDLE_IDENTIFIER = app.junsu.StartUITests;
				PRODUCT_NAME = "$(TARGET_NAME)";
				SWIFT_EMIT_LOC_STRINGS = NO;
				SWIFT_VERSION = 5.0;
				TARGETED_DEVICE_FAMILY = "1,2";
				TEST_TARGET_NAME = Start;
			};
			name = Release;
		};
/* End XCBuildConfiguration section */

/* Begin XCConfigurationList section */
		6BFA9A362CEB794E00F0ACC9 /* Build configuration list for PBXProject "Start" */ = {
			isa = XCConfigurationList;
			buildConfigurations = (
				6BFA9A5D2CEB795000F0ACC9 /* Debug */,
				6BFA9A5E2CEB795000F0ACC9 /* Release */,
			);
			defaultConfigurationIsVisible = 0;
			defaultConfigurationName = Release;
		};
		6BFA9A5F2CEB795000F0ACC9 /* Build configuration list for PBXNativeTarget "Start" */ = {
			isa = XCConfigurationList;
			buildConfigurations = (
				6BFA9A602CEB795000F0ACC9 /* Debug */,
				6BFA9A612CEB795000F0ACC9 /* Release */,
			);
			defaultConfigurationIsVisible = 0;
			defaultConfigurationName = Release;
		};
		6BFA9A622CEB795000F0ACC9 /* Build configuration list for PBXNativeTarget "StartTests" */ = {
			isa = XCConfigurationList;
			buildConfigurations = (
				6BFA9A632CEB795000F0ACC9 /* Debug */,
				6BFA9A642CEB795000F0ACC9 /* Release */,
			);
			defaultConfigurationIsVisible = 0;
			defaultConfigurationName = Release;
		};
		6BFA9A652CEB795000F0ACC9 /* Build configuration list for PBXNativeTarget "StartUITests" */ = {
			isa = XCConfigurationList;
			buildConfigurations = (
				6BFA9A662CEB795000F0ACC9 /* Debug */,
				6BFA9A672CEB795000F0ACC9 /* Release */,
			);
			defaultConfigurationIsVisible = 0;
			defaultConfigurationName = Release;
		};
/* End XCConfigurationList section */
	};
	rootObject = 6BFA9A332CEB794E00F0ACC9 /* Project object */;
}
